{
  "name": "cli-node",
  "version": "1.0.0",
  "lockfileVersion": 2,
  "requires": true,
  "packages": {
    "": {
      "name": "cli-node",
      "version": "1.0.0",
      "license": "ISC",
      "dependencies": {
        "ntsuspend": "^1.0.2",
        "tui-lib": "^0.3.3"
      }
    },
    "node_modules/clone": {
      "version": "1.0.4",
      "resolved": "https://registry.npmjs.org/clone/-/clone-1.0.4.tgz",
      "integrity": "sha512-JQHZ2QMW6l3aH/j6xCqQThY/9OH4D/9ls34cgkUBiEeocRTU04tHfKPBsUK1PqZCUQM7GiA0IIXJSuXHI64Kbg==",
      "engines": {
        "node": ">=0.8"
      }
    },
    "node_modules/defaults": {
      "version": "1.0.4",
      "resolved": "https://registry.npmjs.org/defaults/-/defaults-1.0.4.tgz",
      "integrity": "sha512-eFuaLoy/Rxalv2kr+lqMlUnrDWV+3j4pljOIJgLIhI058IQfWJ7vXhyEIHu+HtC738klGALYxOKDO0bQP3tg8A==",
      "dependencies": {
        "clone": "^1.0.2"
      },
      "funding": {
        "url": "https://github.com/sponsors/sindresorhus"
      }
    },
    "node_modules/ntsuspend": {
      "version": "1.0.2",
      "resolved": "https://registry.npmjs.org/ntsuspend/-/ntsuspend-1.0.2.tgz",
      "integrity": "sha512-JaQJRHgg2LV2q5NL6jHHi/DwwPBGrAeZwla3hCnDdkZZQH3VtNriDkbfPBjmCXR8mABtTqiL7TphrFavYEUVZQ==",
      "cpu": [
        "x64",
        "ia32"
      ],
      "hasInstallScript": true,
      "os": [
        "win32"
      ],
      "engines": {
        "node": ">=10"
      }
    },
    "node_modules/tui-lib": {
      "version": "0.3.3",
      "resolved": "https://registry.npmjs.org/tui-lib/-/tui-lib-0.3.3.tgz",
      "integrity": "sha512-Cgnzpv3tl4il72spmfDQRCwEjGm2VoS8NgtOEwtFAFVj8k+gfXpIxwok3LW8Ik/vEG9qa0N1tABXf2MEzCTmhQ==",
      "dependencies": {
        "wcwidth": "^1.0.1"
      }
    },
    "node_modules/wcwidth": {
      "version": "1.0.1",
      "resolved": "https://registry.npmjs.org/wcwidth/-/wcwidth-1.0.1.tgz",
      "integrity": "sha512-XHPEwS0q6TaxcvG85+8EYkbiCux2XtWG2mkc47Ng2A77BQu9+DqIOJldST4HgPkuea7dvKSj5VgX3P1d4rW8Tg==",
      "dependencies": {
        "defaults": "^1.0.3"
      }
    }
  },
  "dependencies": {
    "clone": {
      "version": "1.0.4",
      "resolved": "https://registry.npmjs.org/clone/-/clone-1.0.4.tgz",
      "integrity": "sha512-JQHZ2QMW6l3aH/j6xCqQThY/9OH4D/9ls34cgkUBiEeocRTU04tHfKPBsUK1PqZCUQM7GiA0IIXJSuXHI64Kbg=="
    },
    "defaults": {
      "version": "1.0.4",
      "resolved": "https://registry.npmjs.org/defaults/-/defaults-1.0.4.tgz",
      "integrity": "sha512-eFuaLoy/Rxalv2kr+lqMlUnrDWV+3j4pljOIJgLIhI058IQfWJ7vXhyEIHu+HtC738klGALYxOKDO0bQP3tg8A==",
      "requires": {
        "clone": "^1.0.2"
      }
    },
    "ntsuspend": {
      "version": "1.0.2",
      "resolved": "https://registry.npmjs.org/ntsuspend/-/ntsuspend-1.0.2.tgz",
      "integrity": "sha512-JaQJRHgg2LV2q5NL6jHHi/DwwPBGrAeZwla3hCnDdkZZQH3VtNriDkbfPBjmCXR8mABtTqiL7TphrFavYEUVZQ=="
    },
    "tui-lib": {
      "version": "0.3.3",
      "resolved": "https://registry.npmjs.org/tui-lib/-/tui-lib-0.3.3.tgz",
      "integrity": "sha512-Cgnzpv3tl4il72spmfDQRCwEjGm2VoS8NgtOEwtFAFVj8k+gfXpIxwok3LW8Ik/vEG9qa0N1tABXf2MEzCTmhQ==",
      "requires": {
        "wcwidth": "^1.0.1"
      }
    },
    "wcwidth": {
      "version": "1.0.1",
      "resolved": "https://registry.npmjs.org/wcwidth/-/wcwidth-1.0.1.tgz",
      "integrity": "sha512-XHPEwS0q6TaxcvG85+8EYkbiCux2XtWG2mkc47Ng2A77BQu9+DqIOJldST4HgPkuea7dvKSj5VgX3P1d4rW8Tg==",
      "requires": {
        "defaults": "^1.0.3"
      }
    }
  }
}
